// !$*UTF8*$!
{
	archiveVersion = 1;
	classes = {
	};
	objectVersion = 46;
	objects = {

/* Begin PBXBuildFile section */
		AC9EB97A18B5C4E200A66DAA /* drink.jpg in Resources */ = {isa = PBXBuildFile; fileRef = AC9EB97918B5C4E200A66DAA /* drink.jpg */; };
		AC9EB97C18B5CA9100A66DAA /* bar.jpg in Resources */ = {isa = PBXBuildFile; fileRef = AC9EB97B18B5CA9100A66DAA /* bar.jpg */; };
		AC9EB98318B5CE8B00A66DAA /* TipViewController.xib in Resources */ = {isa = PBXBuildFile; fileRef = AC9EB97D18B5CE8B00A66DAA /* TipViewController.xib */; };
		AC9EB98418B5CE8B00A66DAA /* TipViewController.m in Sources */ = {isa = PBXBuildFile; fileRef = AC9EB97E18B5CE8B00A66DAA /* TipViewController.m */; };
		AC9EB98518B5CE8B00A66DAA /* SettingsViewController.xib in Resources */ = {isa = PBXBuildFile; fileRef = AC9EB97F18B5CE8B00A66DAA /* SettingsViewController.xib */; };
		AC9EB98618B5CE8B00A66DAA /* SettingsViewController.m in Sources */ = {isa = PBXBuildFile; fileRef = AC9EB98018B5CE8B00A66DAA /* SettingsViewController.m */; };
		ACA36D9818B454E0008C97B9 /* Foundation.framework in Frameworks */ = {isa = PBXBuildFile; fileRef = ACA36D9718B454E0008C97B9 /* Foundation.framework */; };
		ACA36D9A18B454E0008C97B9 /* CoreGraphics.framework in Frameworks */ = {isa = PBXBuildFile; fileRef = ACA36D9918B454E0008C97B9 /* CoreGraphics.framework */; };
		ACA36D9C18B454E0008C97B9 /* UIKit.framework in Frameworks */ = {isa = PBXBuildFile; fileRef = ACA36D9B18B454E0008C97B9 /* UIKit.framework */; };
		ACA36DA218B454E0008C97B9 /* InfoPlist.strings in Resources */ = {isa = PBXBuildFile; fileRef = ACA36DA018B454E0008C97B9 /* InfoPlist.strings */; };
		ACA36DA418B454E0008C97B9 /* main.m in Sources */ = {isa = PBXBuildFile; fileRef = ACA36DA318B454E0008C97B9 /* main.m */; };
		ACA36DA818B454E0008C97B9 /* AppDelegate.m in Sources */ = {isa = PBXBuildFile; fileRef = ACA36DA718B454E0008C97B9 /* AppDelegate.m */; };
		ACA36DAA18B454E0008C97B9 /* Images.xcassets in Resources */ = {isa = PBXBuildFile; fileRef = ACA36DA918B454E0008C97B9 /* Images.xcassets */; };
		ACA36DB118B454E1008C97B9 /* XCTest.framework in Frameworks */ = {isa = PBXBuildFile; fileRef = ACA36DB018B454E1008C97B9 /* XCTest.framework */; };
		ACA36DB218B454E1008C97B9 /* Foundation.framework in Frameworks */ = {isa = PBXBuildFile; fileRef = ACA36D9718B454E0008C97B9 /* Foundation.framework */; };
		ACA36DB318B454E1008C97B9 /* UIKit.framework in Frameworks */ = {isa = PBXBuildFile; fileRef = ACA36D9B18B454E0008C97B9 /* UIKit.framework */; };
		ACA36DBB18B454E1008C97B9 /* InfoPlist.strings in Resources */ = {isa = PBXBuildFile; fileRef = ACA36DB918B454E1008C97B9 /* InfoPlist.strings */; };
		ACA36DBD18B454E1008C97B9 /* tippingCalculatorTests.m in Sources */ = {isa = PBXBuildFile; fileRef = ACA36DBC18B454E1008C97B9 /* tippingCalculatorTests.m */; };
/* End PBXBuildFile section */

/* Begin PBXContainerItemProxy section */
		ACA36DB418B454E1008C97B9 /* PBXContainerItemProxy */ = {
			isa = PBXContainerItemProxy;
			containerPortal = ACA36D8C18B454E0008C97B9 /* Project object */;
			proxyType = 1;
			remoteGlobalIDString = ACA36D9318B454E0008C97B9;
			remoteInfo = tippingCalculator;
		};
/* End PBXContainerItemProxy section */

/* Begin PBXFileReference section */
		AC9EB97918B5C4E200A66DAA /* drink.jpg */ = {isa = PBXFileReference; lastKnownFileType = image.jpeg; name = drink.jpg; path = ../../../../../temp/drink.jpg; sourceTree = "<group>"; };
		AC9EB97B18B5CA9100A66DAA /* bar.jpg */ = {isa = PBXFileReference; lastKnownFileType = image.jpeg; name = bar.jpg; path = ../../../../../temp/bar.jpg; sourceTree = "<group>"; };
		AC9EB97D18B5CE8B00A66DAA /* TipViewController.xib */ = {isa = PBXFileReference; fileEncoding = 4; lastKnownFileType = file.xib; path = TipViewController.xib; sourceTree = "<group>"; };
		AC9EB97E18B5CE8B00A66DAA /* TipViewController.m */ = {isa = PBXFileReference; fileEncoding = 4; lastKnownFileType = sourcecode.c.objc; path = TipViewController.m; sourceTree = "<group>"; };
		AC9EB97F18B5CE8B00A66DAA /* SettingsViewController.xib */ = {isa = PBXFileReference; fileEncoding = 4; lastKnownFileType = file.xib; path = SettingsViewController.xib; sourceTree = "<group>"; };
		AC9EB98018B5CE8B00A66DAA /* SettingsViewController.m */ = {isa = PBXFileReference; fileEncoding = 4; lastKnownFileType = sourcecode.c.objc; path = SettingsViewController.m; sourceTree = "<group>"; };
		AC9EB98118B5CE8B00A66DAA /* SettingsViewController.h */ = {isa = PBXFileReference; fileEncoding = 4; lastKnownFileType = sourcecode.c.h; path = SettingsViewController.h; sourceTree = "<group>"; };
		AC9EB98218B5CE8B00A66DAA /* TipViewController.h */ = {isa = PBXFileReference; fileEncoding = 4; lastKnownFileType = sourcecode.c.h; path = TipViewController.h; sourceTree = "<group>"; };
		ACA36D9418B454E0008C97B9 /* tippingCalculator.app */ = {isa = PBXFileReference; explicitFileType = wrapper.application; includeInIndex = 0; path = tippingCalculator.app; sourceTree = BUILT_PRODUCTS_DIR; };
		ACA36D9718B454E0008C97B9 /* Foundation.framework */ = {isa = PBXFileReference; lastKnownFileType = wrapper.framework; name = Foundation.framework; path = System/Library/Frameworks/Foundation.framework; sourceTree = SDKROOT; };
		ACA36D9918B454E0008C97B9 /* CoreGraphics.framework */ = {isa = PBXFileReference; lastKnownFileType = wrapper.framework; name = CoreGraphics.framework; path = System/Library/Frameworks/CoreGraphics.framework; sourceTree = SDKROOT; };
		ACA36D9B18B454E0008C97B9 /* UIKit.framework */ = {isa = PBXFileReference; lastKnownFileType = wrapper.framework; name = UIKit.framework; path = System/Library/Frameworks/UIKit.framework; sourceTree = SDKROOT; };
		ACA36D9F18B454E0008C97B9 /* tippingCalculator-Info.plist */ = {isa = PBXFileReference; lastKnownFileType = text.plist.xml; path = "tippingCalculator-Info.plist"; sourceTree = "<group>"; };
		ACA36DA118B454E0008C97B9 /* en */ = {isa = PBXFileReference; lastKnownFileType = text.plist.strings; name = en; path = en.lproj/InfoPlist.strings; sourceTree = "<group>"; };
		ACA36DA318B454E0008C97B9 /* main.m */ = {isa = PBXFileReference; lastKnownFileType = sourcecode.c.objc; path = main.m; sourceTree = "<group>"; };
		ACA36DA518B454E0008C97B9 /* tippingCalculator-Prefix.pch */ = {isa = PBXFileReference; lastKnownFileType = sourcecode.c.h; path = "tippingCalculator-Prefix.pch"; sourceTree = "<group>"; };
		ACA36DA618B454E0008C97B9 /* AppDelegate.h */ = {isa = PBXFileReference; lastKnownFileType = sourcecode.c.h; path = AppDelegate.h; sourceTree = "<group>"; };
		ACA36DA718B454E0008C97B9 /* AppDelegate.m */ = {isa = PBXFileReference; lastKnownFileType = sourcecode.c.objc; path = AppDelegate.m; sourceTree = "<group>"; };
		ACA36DA918B454E0008C97B9 /* Images.xcassets */ = {isa = PBXFileReference; lastKnownFileType = folder.assetcatalog; path = Images.xcassets; sourceTree = "<group>"; };
		ACA36DAF18B454E1008C97B9 /* tippingCalculatorTests.xctest */ = {isa = PBXFileReference; explicitFileType = wrapper.cfbundle; includeInIndex = 0; path = tippingCalculatorTests.xctest; sourceTree = BUILT_PRODUCTS_DIR; };
		ACA36DB018B454E1008C97B9 /* XCTest.framework */ = {isa = PBXFileReference; lastKnownFileType = wrapper.framework; name = XCTest.framework; path = Library/Frameworks/XCTest.framework; sourceTree = DEVELOPER_DIR; };
		ACA36DB818B454E1008C97B9 /* tippingCalculatorTests-Info.plist */ = {isa = PBXFileReference; lastKnownFileType = text.plist.xml; path = "tippingCalculatorTests-Info.plist"; sourceTree = "<group>"; };
		ACA36DBA18B454E1008C97B9 /* en */ = {isa = PBXFileReference; lastKnownFileType = text.plist.strings; name = en; path = en.lproj/InfoPlist.strings; sourceTree = "<group>"; };
		ACA36DBC18B454E1008C97B9 /* tippingCalculatorTests.m */ = {isa = PBXFileReference; lastKnownFileType = sourcecode.c.objc; path = tippingCalculatorTests.m; sourceTree = "<group>"; };
/* End PBXFileReference section */

/* Begin PBXFrameworksBuildPhase section */
		ACA36D9118B454E0008C97B9 /* Frameworks */ = {
			isa = PBXFrameworksBuildPhase;
			buildActionMask = 2147483647;
			files = (
				ACA36D9A18B454E0008C97B9 /* CoreGraphics.framework in Frameworks */,
				ACA36D9C18B454E0008C97B9 /* UIKit.framework in Frameworks */,
				ACA36D9818B454E0008C97B9 /* Foundation.framework in Frameworks */,
			);
			runOnlyForDeploymentPostprocessing = 0;
		};
		ACA36DAC18B454E1008C97B9 /* Frameworks */ = {
			isa = PBXFrameworksBuildPhase;
			buildActionMask = 2147483647;
			files = (
				ACA36DB118B454E1008C97B9 /* XCTest.framework in Frameworks */,
				ACA36DB318B454E1008C97B9 /* UIKit.framework in Frameworks */,
				ACA36DB218B454E1008C97B9 /* Foundation.framework in Frameworks */,
			);
			runOnlyForDeploymentPostprocessing = 0;
		};
/* End PBXFrameworksBuildPhase section */

/* Begin PBXGroup section */
		ACA36D8B18B454E0008C97B9 = {
			isa = PBXGroup;
			children = (
				ACA36D9D18B454E0008C97B9 /* tippingCalculator */,
				ACA36DB618B454E1008C97B9 /* tippingCalculatorTests */,
				ACA36D9618B454E0008C97B9 /* Frameworks */,
				ACA36D9518B454E0008C97B9 /* Products */,
			);
			sourceTree = "<group>";
		};
		ACA36D9518B454E0008C97B9 /* Products */ = {
			isa = PBXGroup;
			children = (
				ACA36D9418B454E0008C97B9 /* tippingCalculator.app */,
				ACA36DAF18B454E1008C97B9 /* tippingCalculatorTests.xctest */,
			);
			name = Products;
			sourceTree = "<group>";
		};
		ACA36D9618B454E0008C97B9 /* Frameworks */ = {
			isa = PBXGroup;
			children = (
				ACA36D9718B454E0008C97B9 /* Foundation.framework */,
				ACA36D9918B454E0008C97B9 /* CoreGraphics.framework */,
				ACA36D9B18B454E0008C97B9 /* UIKit.framework */,
				ACA36DB018B454E1008C97B9 /* XCTest.framework */,
			);
			name = Frameworks;
			sourceTree = "<group>";
		};
		ACA36D9D18B454E0008C97B9 /* tippingCalculator */ = {
			isa = PBXGroup;
			children = (
				AC9EB97D18B5CE8B00A66DAA /* TipViewController.xib */,
				AC9EB97E18B5CE8B00A66DAA /* TipViewController.m */,
				AC9EB97F18B5CE8B00A66DAA /* SettingsViewController.xib */,
				AC9EB98018B5CE8B00A66DAA /* SettingsViewController.m */,
				AC9EB98118B5CE8B00A66DAA /* SettingsViewController.h */,
				AC9EB98218B5CE8B00A66DAA /* TipViewController.h */,
				AC9EB97918B5C4E200A66DAA /* drink.jpg */,
				AC9EB97B18B5CA9100A66DAA /* bar.jpg */,
				ACA36DA618B454E0008C97B9 /* AppDelegate.h */,
				ACA36DA718B454E0008C97B9 /* AppDelegate.m */,
				ACA36DA918B454E0008C97B9 /* Images.xcassets */,
				ACA36D9E18B454E0008C97B9 /* Supporting Files */,
			);
			path = tippingCalculator;
			sourceTree = "<group>";
		};
		ACA36D9E18B454E0008C97B9 /* Supporting Files */ = {
			isa = PBXGroup;
			children = (
				ACA36D9F18B454E0008C97B9 /* tippingCalculator-Info.plist */,
				ACA36DA018B454E0008C97B9 /* InfoPlist.strings */,
				ACA36DA318B454E0008C97B9 /* main.m */,
				ACA36DA518B454E0008C97B9 /* tippingCalculator-Prefix.pch */,
			);
			name = "Supporting Files";
			sourceTree = "<group>";
		};
		ACA36DB618B454E1008C97B9 /* tippingCalculatorTests */ = {
			isa = PBXGroup;
			children = (
				ACA36DBC18B454E1008C97B9 /* tippingCalculatorTests.m */,
				ACA36DB718B454E1008C97B9 /* Supporting Files */,
			);
			path = tippingCalculatorTests;
			sourceTree = "<group>";
		};
		ACA36DB718B454E1008C97B9 /* Supporting Files */ = {
			isa = PBXGroup;
			children = (
				ACA36DB818B454E1008C97B9 /* tippingCalculatorTests-Info.plist */,
				ACA36DB918B454E1008C97B9 /* InfoPlist.strings */,
			);
			name = "Supporting Files";
			sourceTree = "<group>";
		};
/* End PBXGroup section */

/* Begin PBXNativeTarget section */
		ACA36D9318B454E0008C97B9 /* tippingCalculator */ = {
			isa = PBXNativeTarget;
			buildConfigurationList = ACA36DC018B454E1008C97B9 /* Build configuration list for PBXNativeTarget "tippingCalculator" */;
			buildPhases = (
				ACA36D9018B454E0008C97B9 /* Sources */,
				ACA36D9118B454E0008C97B9 /* Frameworks */,
				ACA36D9218B454E0008C97B9 /* Resources */,
			);
			buildRules = (
			);
			dependencies = (
			);
			name = tippingCalculator;
			productName = tippingCalculator;
			productReference = ACA36D9418B454E0008C97B9 /* tippingCalculator.app */;
			productType = "com.apple.product-type.application";
		};
		ACA36DAE18B454E1008C97B9 /* tippingCalculatorTests */ = {
			isa = PBXNativeTarget;
			buildConfigurationList = ACA36DC318B454E1008C97B9 /* Build configuration list for PBXNativeTarget "tippingCalculatorTests" */;
			buildPhases = (
				ACA36DAB18B454E1008C97B9 /* Sources */,
				ACA36DAC18B454E1008C97B9 /* Frameworks */,
				ACA36DAD18B454E1008C97B9 /* Resources */,
			);
			buildRules = (
			);
			dependencies = (
				ACA36DB518B454E1008C97B9 /* PBXTargetDependency */,
			);
			name = tippingCalculatorTests;
			productName = tippingCalculatorTests;
			productReference = ACA36DAF18B454E1008C97B9 /* tippingCalculatorTests.xctest */;
			productType = "com.apple.product-type.bundle.unit-test";
		};
/* End PBXNativeTarget section */

/* Begin PBXProject section */
		ACA36D8C18B454E0008C97B9 /* Project object */ = {
			isa = PBXProject;
			attributes = {
				LastUpgradeCheck = 0500;
				ORGANIZATIONNAME = "David Ladowitz";
				TargetAttributes = {
					ACA36DAE18B454E1008C97B9 = {
						TestTargetID = ACA36D9318B454E0008C97B9;
					};
				};
			};
			buildConfigurationList = ACA36D8F18B454E0008C97B9 /* Build configuration list for PBXProject "tippingCalculator" */;
			compatibilityVersion = "Xcode 3.2";
			developmentRegion = English;
			hasScannedForEncodings = 0;
			knownRegions = (
				en,
			);
			mainGroup = ACA36D8B18B454E0008C97B9;
			productRefGroup = ACA36D9518B454E0008C97B9 /* Products */;
			projectDirPath = "";
			projectRoot = "";
			targets = (
				ACA36D9318B454E0008C97B9 /* tippingCalculator */,
				ACA36DAE18B454E1008C97B9 /* tippingCalculatorTests */,
			);
		};
/* End PBXProject section */

/* Begin PBXResourcesBuildPhase section */
		ACA36D9218B454E0008C97B9 /* Resources */ = {
			isa = PBXResourcesBuildPhase;
			buildActionMask = 2147483647;
			files = (
				ACA36DA218B454E0008C97B9 /* InfoPlist.strings in Resources */,
				ACA36DAA18B454E0008C97B9 /* Images.xcassets in Resources */,
				AC9EB98518B5CE8B00A66DAA /* SettingsViewController.xib in Resources */,
				AC9EB97C18B5CA9100A66DAA /* bar.jpg in Resources */,
				AC9EB97A18B5C4E200A66DAA /* drink.jpg in Resources */,
				AC9EB98318B5CE8B00A66DAA /* TipViewController.xib in Resources */,
			);
			runOnlyForDeploymentPostprocessing = 0;
		};
		ACA36DAD18B454E1008C97B9 /* Resources */ = {
			isa = PBXResourcesBuildPhase;
			buildActionMask = 2147483647;
			files = (
				ACA36DBB18B454E1008C97B9 /* InfoPlist.strings in Resources */,
			);
			runOnlyForDeploymentPostprocessing = 0;
		};
/* End PBXResourcesBuildPhase section */

/* Begin PBXSourcesBuildPhase section */
		ACA36D9018B454E0008C97B9 /* Sources */ = {
			isa = PBXSourcesBuildPhase;
			buildActionMask = 2147483647;
			files = (
				AC9EB98418B5CE8B00A66DAA /* TipViewController.m in Sources */,
				ACA36DA818B454E0008C97B9 /* AppDelegate.m in Sources */,
				AC9EB98618B5CE8B00A66DAA /* SettingsViewController.m in Sources */,
				ACA36DA418B454E0008C97B9 /* main.m in Sources */,
			);
			runOnlyForDeploymentPostprocessing = 0;
		};
		ACA36DAB18B454E1008C97B9 /* Sources */ = {
			isa = PBXSourcesBuildPhase;
			buildActionMask = 2147483647;
			files = (
				ACA36DBD18B454E1008C97B9 /* tippingCalculatorTests.m in Sources */,
			);
			runOnlyForDeploymentPostprocessing = 0;
		};
/* End PBXSourcesBuildPhase section */

/* Begin PBXTargetDependency section */
		ACA36DB518B454E1008C97B9 /* PBXTargetDependency */ = {
			isa = PBXTargetDependency;
			target = ACA36D9318B454E0008C97B9 /* tippingCalculator */;
			targetProxy = ACA36DB418B454E1008C97B9 /* PBXContainerItemProxy */;
		};
/* End PBXTargetDependency section */

/* Begin PBXVariantGroup section */
		ACA36DA018B454E0008C97B9 /* InfoPlist.strings */ = {
			isa = PBXVariantGroup;
			children = (
				ACA36DA118B454E0008C97B9 /* en */,
			);
			name = InfoPlist.strings;
			sourceTree = "<group>";
		};
		ACA36DB918B454E1008C97B9 /* InfoPlist.strings */ = {
			isa = PBXVariantGroup;
			children = (
				ACA36DBA18B454E1008C97B9 /* en */,
			);
			name = InfoPlist.strings;
			sourceTree = "<group>";
		};
/* End PBXVariantGroup section */

/* Begin XCBuildConfiguration section */
		ACA36DBE18B454E1008C97B9 /* Debug */ = {
			isa = XCBuildConfiguration;
			buildSettings = {
				ALWAYS_SEARCH_USER_PATHS = NO;
				ARCHS = "$(ARCHS_STANDARD_INCLUDING_64_BIT)";
				CLANG_CXX_LANGUAGE_STANDARD = "gnu++0x";
				CLANG_CXX_LIBRARY = "libc++";
				CLANG_ENABLE_MODULES = YES;
				CLANG_ENABLE_OBJC_ARC = YES;
				CLANG_WARN_BOOL_CONVERSION = YES;
				CLANG_WARN_CONSTANT_CONVERSION = YES;
				CLANG_WARN_DIRECT_OBJC_ISA_USAGE = YES_ERROR;
				CLANG_WARN_EMPTY_BODY = YES;
				CLANG_WARN_ENUM_CONVERSION = YES;
				CLANG_WARN_INT_CONVERSION = YES;
				CLANG_WARN_OBJC_ROOT_CLASS = YES_ERROR;
				CLANG_WARN__DUPLICATE_METHOD_MATCH = YES;
				"CODE_SIGN_IDENTITY[sdk=iphoneos*]" = "iPhone Developer";
				COPY_PHASE_STRIP = NO;
				GCC_C_LANGUAGE_STANDARD = gnu99;
				GCC_DYNAMIC_NO_PIC = NO;
				GCC_OPTIMIZATION_LEVEL = 0;
				GCC_PREPROCESSOR_DEFINITIONS = (
					"DEBUG=1",
					"$(inherited)",
				);
				GCC_SYMBOLS_PRIVATE_EXTERN = NO;
				GCC_WARN_64_TO_32_BIT_CONVERSION = YES;
				GCC_WARN_ABOUT_RETURN_TYPE = YES_ERROR;
				GCC_WARN_UNDECLARED_SELECTOR = YES;
				GCC_WARN_UNINITIALIZED_AUTOS = YES;
				GCC_WARN_UNUSED_FUNCTION = YES;
				GCC_WARN_UNUSED_VARIABLE = YES;
				IPHONEOS_DEPLOYMENT_TARGET = 7.0;
				ONLY_ACTIVE_ARCH = YES;
				SDKROOT = iphoneos;
			};
			name = Debug;
		};
		ACA36DBF18B454E1008C97B9 /* Release */ = {
			isa = XCBuildConfiguration;
			buildSettings = {
				ALWAYS_SEARCH_USER_PATHS = NO;
				ARCHS = "$(ARCHS_STANDARD_INCLUDING_64_BIT)";
				CLANG_CXX_LANGUAGE_STANDARD = "gnu++0x";
				CLANG_CXX_LIBRARY = "libc++";
				CLANG_ENABLE_MODULES = YES;
				CLANG_ENABLE_OBJC_ARC = YES;
				CLANG_WARN_BOOL_CONVERSION = YES;
				CLANG_WARN_CONSTANT_CONVERSION = YES;
				CLANG_WARN_DIRECT_OBJC_ISA_USAGE = YES_ERROR;
				CLANG_WARN_EMPTY_BODY = YES;
				CLANG_WARN_ENUM_CONVERSION = YES;
				CLANG_WARN_INT_CONVERSION = YES;
				CLANG_WARN_OBJC_ROOT_CLASS = YES_ERROR;
				CLANG_WARN__DUPLICATE_METHOD_MATCH = YES;
				"CODE_SIGN_IDENTITY[sdk=iphoneos*]" = "iPhone Developer";
				COPY_PHASE_STRIP = YES;
				ENABLE_NS_ASSERTIONS = NO;
				GCC_C_LANGUAGE_STANDARD = gnu99;
				GCC_WARN_64_TO_32_BIT_CONVERSION = YES;
				GCC_WARN_ABOUT_RETURN_TYPE = YES_ERROR;
				GCC_WARN_UNDECLARED_SELECTOR = YES;
				GCC_WARN_UNINITIALIZED_AUTOS = YES;
				GCC_WARN_UNUSED_FUNCTION = YES;
				GCC_WARN_UNUSED_VARIABLE = YES;
				IPHONEOS_DEPLOYMENT_TARGET = 7.0;
				SDKROOT = iphoneos;
				VALIDATE_PRODUCT = YES;
			};
			name = Release;
		};
		ACA36DC118B454E1008C97B9 /* Debug */ = {
			isa = XCBuildConfiguration;
			buildSettings = {
				ASSETCATALOG_COMPILER_APPICON_NAME = AppIcon;
				ASSETCATALOG_COMPILER_LAUNCHIMAGE_NAME = LaunchImage;
				GCC_PRECOMPILE_PREFIX_HEADER = YES;
				GCC_PREFIX_HEADER = "tippingCalculator/tippingCalculator-Prefix.pch";
				INFOPLIST_FILE = "tippingCalculator/tippingCalculator-Info.plist";
				IPHONEOS_DEPLOYMENT_TARGET = 7.0;
				PRODUCT_NAME = "$(TARGET_NAME)";
				WRAPPER_EXTENSION = app;
			};
			name = Debug;
		};
		ACA36DC218B454E1008C97B9 /* Release */ = {
			isa = XCBuildConfiguration;
			buildSettings = {
				ASSETCATALOG_COMPILER_APPICON_NAME = AppIcon;
				ASSETCATALOG_COMPILER_LAUNCHIMAGE_NAME = LaunchImage;
				GCC_PRECOMPILE_PREFIX_HEADER = YES;
				GCC_PREFIX_HEADER = "tippingCalculator/tippingCalculator-Prefix.pch";
				INFOPLIST_FILE = "tippingCalculator/tippingCalculator-Info.plist";
				IPHONEOS_DEPLOYMENT_TARGET = 7.0;
				PRODUCT_NAME = "$(TARGET_NAME)";
				WRAPPER_EXTENSION = app;
			};
			name = Release;
		};
		ACA36DC418B454E1008C97B9 /* Debug */ = {
			isa = XCBuildConfiguration;
			buildSettings = {
				ARCHS = "$(ARCHS_STANDARD_INCLUDING_64_BIT)";
				BUNDLE_LOADER = "$(BUILT_PRODUCTS_DIR)/tippingCalculator.app/tippingCalculator";
				FRAMEWORK_SEARCH_PATHS = (
					"$(SDKROOT)/Developer/Library/Frameworks",
					"$(inherited)",
					"$(DEVELOPER_FRAMEWORKS_DIR)",
				);
				GCC_PRECOMPILE_PREFIX_HEADER = YES;
				GCC_PREFIX_HEADER = "tippingCalculator/tippingCalculator-Prefix.pch";
				GCC_PREPROCESSOR_DEFINITIONS = (
					"DEBUG=1",
					"$(inherited)",
				);
				INFOPLIST_FILE = "tippingCalculatorTests/tippingCalculatorTests-Info.plist";
				PRODUCT_NAME = "$(TARGET_NAME)";
				TEST_HOST = "$(BUNDLE_LOADER)";
				WRAPPER_EXTENSION = xctest;
			};
			name = Debug;
		};
		ACA36DC518B454E1008C97B9 /* Release */ = {
			isa = XCBuildConfiguration;
			buildSettings = {
				ARCHS = "$(ARCHS_STANDARD_INCLUDING_64_BIT)";
				BUNDLE_LOADER = "$(BUILT_PRODUCTS_DIR)/tippingCalculator.app/tippingCalculator";
				FRAMEWORK_SEARCH_PATHS = (
					"$(SDKROOT)/Developer/Library/Frameworks",
					"$(inherited)",
					"$(DEVELOPER_FRAMEWORKS_DIR)",
				);
				GCC_PRECOMPILE_PREFIX_HEADER = YES;
				GCC_PREFIX_HEADER = "tippingCalculator/tippingCalculator-Prefix.pch";
				INFOPLIST_FILE = "tippingCalculatorTests/tippingCalculatorTests-Info.plist";
				PRODUCT_NAME = "$(TARGET_NAME)";
				TEST_HOST = "$(BUNDLE_LOADER)";
				WRAPPER_EXTENSION = xctest;
			};
			name = Release;
		};
/* End XCBuildConfiguration section */

/* Begin XCConfigurationList section */
		ACA36D8F18B454E0008C97B9 /* Build configuration list for PBXProject "tippingCalculator" */ = {
			isa = XCConfigurationList;
			buildConfigurations = (
				ACA36DBE18B454E1008C97B9 /* Debug */,
				ACA36DBF18B454E1008C97B9 /* Release */,
			);
			defaultConfigurationIsVisible = 0;
			defaultConfigurationName = Release;
		};
		ACA36DC018B454E1008C97B9 /* Build configuration list for PBXNativeTarget "tippingCalculator" */ = {
			isa = XCConfigurationList;
			buildConfigurations = (
				ACA36DC118B454E1008C97B9 /* Debug */,
				ACA36DC218B454E1008C97B9 /* Release */,
			);
			defaultConfigurationIsVisible = 0;
			defaultConfigurationName = Release;
		};
		ACA36DC318B454E1008C97B9 /* Build configuration list for PBXNativeTarget "tippingCalculatorTests" */ = {
			isa = XCConfigurationList;
			buildConfigurations = (
				ACA36DC418B454E1008C97B9 /* Debug */,
				ACA36DC518B454E1008C97B9 /* Release */,
			);
			defaultConfigurationIsVisible = 0;
			defaultConfigurationName = Release;
		};
/* End XCConfigurationList section */
	};
	rootObject = ACA36D8C18B454E0008C97B9 /* Project object */;
}
